
Microsoft Visual Studio Solution File, Format Version 12.00
# Visual Studio Version 17
VisualStudioVersion = 17.3.32611.2
MinimumVisualStudioVersion = 10.0.40219.1
Project("{9A19103F-16F7-4668-BE54-9A1E7A4F7556}") = "DarkLinesOfCodeAnalyzer", "src\DarkLinesOfCodeAnalyzer\DarkLinesOfCodeAnalyzer.csproj", "{76BE610F-8E2B-4B7D-9688-6D08F94E1C36}"
EndProject
Project("{9A19103F-16F7-4668-BE54-9A1E7A4F7556}") = "DarkLinesOfCodeAnalyzer.Package", "src\DarkLinesOfCodeAnalyzer.Package\DarkLinesOfCodeAnalyzer.Package.csproj", "{8902D732-DBE1-4B73-98DE-8F89158F0323}"
EndProject
Project("{9A19103F-16F7-4668-BE54-9A1E7A4F7556}") = "DarkLinesOfCodeAnalyzer.Vsix", "src\DarkLinesOfCodeAnalyzer.Vsix\DarkLinesOfCodeAnalyzer.Vsix.csproj", "{2630F4AF-4539-4C1D-AE42-B438CFD3AFAB}"
EndProject
Project("{2150E333-8FDC-42A3-9474-1A3956D46DE8}") = "Solution Items", "Solution Items", "{BBDD7E3B-A42A-4402-86B2-91F34E01323A}"
	ProjectSection(SolutionItems) = preProject
		README.md = README.md
	EndProjectSection
EndProject
Project("{2150E333-8FDC-42A3-9474-1A3956D46DE8}") = "demos", "demos", "{0B53752D-4D32-4666-B663-0D23C15A9DF7}"
EndProject
Project("{9A19103F-16F7-4668-BE54-9A1E7A4F7556}") = "DemoConsoleApp", "demos\DemoConsoleApp\DemoConsoleApp.csproj", "{7AE37B81-BFB3-4397-AB35-EB281657D6B0}"
EndProject
Project("{2150E333-8FDC-42A3-9474-1A3956D46DE8}") = "src", "src", "{13EF6BE9-9EF2-45E9-9A0C-BC6E0780FB1F}"
EndProject
Project("{9A19103F-16F7-4668-BE54-9A1E7A4F7556}") = "_build", "build\_build.csproj", "{40B35BF2-D0EB-4BBF-8EAE-4F71A1686F4E}"
EndProject
Project("{2150E333-8FDC-42A3-9474-1A3956D46DE8}") = "build", "build", "{26AB14E0-23D4-4DA0-8585-5958A487E616}"
EndProject
Global
	GlobalSection(SolutionConfigurationPlatforms) = preSolution
		Debug|Any CPU = Debug|Any CPU
		Release|Any CPU = Release|Any CPU
	EndGlobalSection
	GlobalSection(ProjectConfigurationPlatforms) = postSolution
		{76BE610F-8E2B-4B7D-9688-6D08F94E1C36}.Debug|Any CPU.ActiveCfg = Debug|Any CPU
		{76BE610F-8E2B-4B7D-9688-6D08F94E1C36}.Debug|Any CPU.Build.0 = Debug|Any CPU
		{76BE610F-8E2B-4B7D-9688-6D08F94E1C36}.Release|Any CPU.ActiveCfg = Release|Any CPU
		{76BE610F-8E2B-4B7D-9688-6D08F94E1C36}.Release|Any CPU.Build.0 = Release|Any CPU
		{8902D732-DBE1-4B73-98DE-8F89158F0323}.Debug|Any CPU.ActiveCfg = Debug|Any CPU
		{8902D732-DBE1-4B73-98DE-8F89158F0323}.Debug|Any CPU.Build.0 = Debug|Any CPU
		{8902D732-DBE1-4B73-98DE-8F89158F0323}.Release|Any CPU.ActiveCfg = Release|Any CPU
		{8902D732-DBE1-4B73-98DE-8F89158F0323}.Release|Any CPU.Build.0 = Release|Any CPU
		{2630F4AF-4539-4C1D-AE42-B438CFD3AFAB}.Debug|Any CPU.ActiveCfg = Debug|Any CPU
		{2630F4AF-4539-4C1D-AE42-B438CFD3AFAB}.Debug|Any CPU.Build.0 = Debug|Any CPU
		{2630F4AF-4539-4C1D-AE42-B438CFD3AFAB}.Release|Any CPU.ActiveCfg = Release|Any CPU
		{2630F4AF-4539-4C1D-AE42-B438CFD3AFAB}.Release|Any CPU.Build.0 = Release|Any CPU
		{7AE37B81-BFB3-4397-AB35-EB281657D6B0}.Debug|Any CPU.ActiveCfg = Debug|Any CPU
		{7AE37B81-BFB3-4397-AB35-EB281657D6B0}.Debug|Any CPU.Build.0 = Debug|Any CPU
		{7AE37B81-BFB3-4397-AB35-EB281657D6B0}.Release|Any CPU.ActiveCfg = Release|Any CPU
		{7AE37B81-BFB3-4397-AB35-EB281657D6B0}.Release|Any CPU.Build.0 = Release|Any CPU
		{40B35BF2-D0EB-4BBF-8EAE-4F71A1686F4E}.Debug|Any CPU.ActiveCfg = Debug|Any CPU
		{40B35BF2-D0EB-4BBF-8EAE-4F71A1686F4E}.Release|Any CPU.ActiveCfg = Release|Any CPU
	EndGlobalSection
	GlobalSection(SolutionProperties) = preSolution
		HideSolutionNode = FALSE
	EndGlobalSection
	GlobalSection(NestedProjects) = preSolution
		{76BE610F-8E2B-4B7D-9688-6D08F94E1C36} = {13EF6BE9-9EF2-45E9-9A0C-BC6E0780FB1F}
		{8902D732-DBE1-4B73-98DE-8F89158F0323} = {13EF6BE9-9EF2-45E9-9A0C-BC6E0780FB1F}
		{2630F4AF-4539-4C1D-AE42-B438CFD3AFAB} = {13EF6BE9-9EF2-45E9-9A0C-BC6E0780FB1F}
		{7AE37B81-BFB3-4397-AB35-EB281657D6B0} = {0B53752D-4D32-4666-B663-0D23C15A9DF7}
		{40B35BF2-D0EB-4BBF-8EAE-4F71A1686F4E} = {26AB14E0-23D4-4DA0-8585-5958A487E616}
	EndGlobalSection
	GlobalSection(ExtensibilityGlobals) = postSolution
		SolutionGuid = {EA2B9DFD-5B89-480D-B119-46355F32E41E}
	EndGlobalSection
EndGlobal
